
Microsoft Visual Studio Solution File, Format Version 12.00
# Visual Studio Version 17
VisualStudioVersion = 17.5.002.0
MinimumVisualStudioVersion = 10.0.40219.1
Project("{9A19103F-16F7-4668-BE54-9A1E7A4F7556}") = "FAZ", "FAZ.csproj", "{A6368706-0030-433E-B4B2-DDA122256EF9}"
EndProject
Global
	GlobalSection(SolutionConfigurationPlatforms) = preSolution
		Debug|Any CPU = Debug|Any CPU
		Release|Any CPU = Release|Any CPU
	EndGlobalSection
	GlobalSection(ProjectConfigurationPlatforms) = postSolution
		{A6368706-0030-433E-B4B2-DDA122256EF9}.Debug|Any CPU.ActiveCfg = Debug|Any CPU
		{A6368706-0030-433E-B4B2-DDA122256EF9}.Debug|Any CPU.Build.0 = Debug|Any CPU
		{A6368706-0030-433E-B4B2-DDA122256EF9}.Release|Any CPU.ActiveCfg = Release|Any CPU
		{A6368706-0030-433E-B4B2-DDA122256EF9}.Release|Any CPU.Build.0 = Release|Any CPU
	EndGlobalSection
	GlobalSection(SolutionProperties) = preSolution
		HideSolutionNode = FALSE
	EndGlobalSection
	GlobalSection(ExtensibilityGlobals) = postSolution
		SolutionGuid = {78D9091C-7A35-4DC2-9ECD-875B519FB0BB}
	EndGlobalSection
EndGlobal
